
Microsoft Visual Studio Solution File, Format Version 12.00
# Visual Studio 2012
Project("{FAE04EC0-301F-11D3-BF4B-00C04F79EFBC}") = "MvcMega.Forms", "MvcMega.Forms\MvcMega.Forms.csproj", "{52208A05-BE2C-4F08-BABC-0109C8FB70DA}"
EndProject
Project("{FAE04EC0-301F-11D3-BF4B-00C04F79EFBC}") = "MVCMega.Forms.FunctionalTests", "MVCMega.Forms.FunctionalTests\MVCMega.Forms.FunctionalTests.csproj", "{C321B94E-45A0-4D19-B1AC-2C947CC44482}"
EndProject
Project("{FAE04EC0-301F-11D3-BF4B-00C04F79EFBC}") = "MvcMega.Forms.WebsiteForTesting", "MvcMega.Forms.WebsiteForTesting\MvcMega.Forms.WebsiteForTesting.csproj", "{DC394642-34A4-4DEF-857D-3421B8B8ABC2}"
EndProject
Project("{FAE04EC0-301F-11D3-BF4B-00C04F79EFBC}") = "MvcMega.Forms.UnitTests", "MvcMega.Forms.UnitTests\MvcMega.Forms.UnitTests.csproj", "{984EBEFD-B762-4570-B71D-1F6EB96A565F}"
EndProject
Global
	GlobalSection(SolutionConfigurationPlatforms) = preSolution
		Debug|Any CPU = Debug|Any CPU
		Debug|Mixed Platforms = Debug|Mixed Platforms
		Debug|x86 = Debug|x86
		Release|Any CPU = Release|Any CPU
		Release|Mixed Platforms = Release|Mixed Platforms
		Release|x86 = Release|x86
	EndGlobalSection
	GlobalSection(ProjectConfigurationPlatforms) = postSolution
		{52208A05-BE2C-4F08-BABC-0109C8FB70DA}.Debug|Any CPU.ActiveCfg = Debug|Any CPU
		{52208A05-BE2C-4F08-BABC-0109C8FB70DA}.Debug|Any CPU.Build.0 = Debug|Any CPU
		{52208A05-BE2C-4F08-BABC-0109C8FB70DA}.Debug|Mixed Platforms.ActiveCfg = Debug|Any CPU
		{52208A05-BE2C-4F08-BABC-0109C8FB70DA}.Debug|Mixed Platforms.Build.0 = Debug|Any CPU
		{52208A05-BE2C-4F08-BABC-0109C8FB70DA}.Debug|x86.ActiveCfg = Debug|Any CPU
		{52208A05-BE2C-4F08-BABC-0109C8FB70DA}.Debug|x86.Build.0 = Debug|Any CPU
		{52208A05-BE2C-4F08-BABC-0109C8FB70DA}.Release|Any CPU.ActiveCfg = Release|Any CPU
		{52208A05-BE2C-4F08-BABC-0109C8FB70DA}.Release|Any CPU.Build.0 = Release|Any CPU
		{52208A05-BE2C-4F08-BABC-0109C8FB70DA}.Release|Mixed Platforms.ActiveCfg = Release|Any CPU
		{52208A05-BE2C-4F08-BABC-0109C8FB70DA}.Release|Mixed Platforms.Build.0 = Release|Any CPU
		{52208A05-BE2C-4F08-BABC-0109C8FB70DA}.Release|x86.ActiveCfg = Release|Any CPU
		{52208A05-BE2C-4F08-BABC-0109C8FB70DA}.Release|x86.Build.0 = Release|Any CPU
		{C321B94E-45A0-4D19-B1AC-2C947CC44482}.Debug|Any CPU.ActiveCfg = Debug|Any CPU
		{C321B94E-45A0-4D19-B1AC-2C947CC44482}.Debug|Any CPU.Build.0 = Debug|Any CPU
		{C321B94E-45A0-4D19-B1AC-2C947CC44482}.Debug|Mixed Platforms.ActiveCfg = Debug|Any CPU
		{C321B94E-45A0-4D19-B1AC-2C947CC44482}.Debug|Mixed Platforms.Build.0 = Debug|Any CPU
		{C321B94E-45A0-4D19-B1AC-2C947CC44482}.Debug|x86.ActiveCfg = Debug|Any CPU
		{C321B94E-45A0-4D19-B1AC-2C947CC44482}.Debug|x86.Build.0 = Debug|Any CPU
		{C321B94E-45A0-4D19-B1AC-2C947CC44482}.Release|Any CPU.ActiveCfg = Release|Any CPU
		{C321B94E-45A0-4D19-B1AC-2C947CC44482}.Release|Mixed Platforms.ActiveCfg = Release|Any CPU
		{C321B94E-45A0-4D19-B1AC-2C947CC44482}.Release|x86.ActiveCfg = Release|Any CPU
		{DC394642-34A4-4DEF-857D-3421B8B8ABC2}.Debug|Any CPU.ActiveCfg = Debug|Any CPU
		{DC394642-34A4-4DEF-857D-3421B8B8ABC2}.Debug|Any CPU.Build.0 = Debug|Any CPU
		{DC394642-34A4-4DEF-857D-3421B8B8ABC2}.Debug|Mixed Platforms.ActiveCfg = Debug|Any CPU
		{DC394642-34A4-4DEF-857D-3421B8B8ABC2}.Debug|Mixed Platforms.Build.0 = Debug|Any CPU
		{DC394642-34A4-4DEF-857D-3421B8B8ABC2}.Debug|x86.ActiveCfg = Debug|Any CPU
		{DC394642-34A4-4DEF-857D-3421B8B8ABC2}.Debug|x86.Build.0 = Debug|Any CPU
		{DC394642-34A4-4DEF-857D-3421B8B8ABC2}.Release|Any CPU.ActiveCfg = Release|Any CPU
		{DC394642-34A4-4DEF-857D-3421B8B8ABC2}.Release|Any CPU.Build.0 = Release|Any CPU
		{DC394642-34A4-4DEF-857D-3421B8B8ABC2}.Release|Mixed Platforms.ActiveCfg = Release|Any CPU
		{DC394642-34A4-4DEF-857D-3421B8B8ABC2}.Release|Mixed Platforms.Build.0 = Release|Any CPU
		{DC394642-34A4-4DEF-857D-3421B8B8ABC2}.Release|x86.ActiveCfg = Release|Any CPU
		{DC394642-34A4-4DEF-857D-3421B8B8ABC2}.Release|x86.Build.0 = Release|Any CPU
		{984EBEFD-B762-4570-B71D-1F6EB96A565F}.Debug|Any CPU.ActiveCfg = Debug|Any CPU
		{984EBEFD-B762-4570-B71D-1F6EB96A565F}.Debug|Any CPU.Build.0 = Debug|Any CPU
		{984EBEFD-B762-4570-B71D-1F6EB96A565F}.Debug|Mixed Platforms.ActiveCfg = Debug|Any CPU
		{984EBEFD-B762-4570-B71D-1F6EB96A565F}.Debug|Mixed Platforms.Build.0 = Debug|Any CPU
		{984EBEFD-B762-4570-B71D-1F6EB96A565F}.Debug|x86.ActiveCfg = Debug|Any CPU
		{984EBEFD-B762-4570-B71D-1F6EB96A565F}.Release|Any CPU.ActiveCfg = Release|Any CPU
		{984EBEFD-B762-4570-B71D-1F6EB96A565F}.Release|Any CPU.Build.0 = Release|Any CPU
		{984EBEFD-B762-4570-B71D-1F6EB96A565F}.Release|Mixed Platforms.ActiveCfg = Release|Any CPU
		{984EBEFD-B762-4570-B71D-1F6EB96A565F}.Release|Mixed Platforms.Build.0 = Release|Any CPU
		{984EBEFD-B762-4570-B71D-1F6EB96A565F}.Release|x86.ActiveCfg = Release|Any CPU
	EndGlobalSection
	GlobalSection(SolutionProperties) = preSolution
		HideSolutionNode = FALSE
	EndGlobalSection
EndGlobal
